// !$*UTF8*$!
{
	archiveVersion = 1;
	classes = {
	};
	objectVersion = 46;
	objects = {

/* Begin PBXBuildFile section */
		EE8E79D41C7CDE7E0090172C /* AppDelegate.swift in Sources */ = {isa = PBXBuildFile; fileRef = EE8E79D31C7CDE7E0090172C /* AppDelegate.swift */; };
		EE8E79D61C7CDE7E0090172C /* ViewController.swift in Sources */ = {isa = PBXBuildFile; fileRef = EE8E79D51C7CDE7E0090172C /* ViewController.swift */; };
		EE8E79D91C7CDE7E0090172C /* Main.storyboard in Resources */ = {isa = PBXBuildFile; fileRef = EE8E79D71C7CDE7E0090172C /* Main.storyboard */; };
		EE8E79DB1C7CDE7E0090172C /* Assets.xcassets in Resources */ = {isa = PBXBuildFile; fileRef = EE8E79DA1C7CDE7E0090172C /* Assets.xcassets */; };
		EE8E79DE1C7CDE7E0090172C /* LaunchScreen.storyboard in Resources */ = {isa = PBXBuildFile; fileRef = EE8E79DC1C7CDE7E0090172C /* LaunchScreen.storyboard */; };
/* End PBXBuildFile section */

/* Begin PBXFileReference section */
		EE8E79D01C7CDE7E0090172C /* pokedex2.app */ = {isa = PBXFileReference; explicitFileType = wrapper.application; includeInIndex = 0; path = pokedex2.app; sourceTree = BUILT_PRODUCTS_DIR; };
		EE8E79D31C7CDE7E0090172C /* AppDelegate.swift */ = {isa = PBXFileReference; lastKnownFileType = sourcecode.swift; path = AppDelegate.swift; sourceTree = "<group>"; };
		EE8E79D51C7CDE7E0090172C /* ViewController.swift */ = {isa = PBXFileReference; lastKnownFileType = sourcecode.swift; path = ViewController.swift; sourceTree = "<group>"; };
		EE8E79D81C7CDE7E0090172C /* Base */ = {isa = PBXFileReference; lastKnownFileType = file.storyboard; name = Base; path = Base.lproj/Main.storyboard; sourceTree = "<group>"; };
		EE8E79DA1C7CDE7E0090172C /* Assets.xcassets */ = {isa = PBXFileReference; lastKnownFileType = folder.assetcatalog; path = Assets.xcassets; sourceTree = "<group>"; };
		EE8E79DD1C7CDE7E0090172C /* Base */ = {isa = PBXFileReference; lastKnownFileType = file.storyboard; name = Base; path = Base.lproj/LaunchScreen.storyboard; sourceTree = "<group>"; };
		EE8E79DF1C7CDE7E0090172C /* Info.plist */ = {isa = PBXFileReference; lastKnownFileType = text.plist.xml; path = Info.plist; sourceTree = "<group>"; };
/* End PBXFileReference section */

/* Begin PBXFrameworksBuildPhase section */
		EE8E79CD1C7CDE7E0090172C /* Frameworks */ = {
			isa = PBXFrameworksBuildPhase;
			buildActionMask = 2147483647;
			files = (
			);
			runOnlyForDeploymentPostprocessing = 0;
		};
/* End PBXFrameworksBuildPhase section */

/* Begin PBXGroup section */
		EE8E79C71C7CDE7E0090172C = {
			isa = PBXGroup;
			children = (
				EE8E79D21C7CDE7E0090172C /* pokedex2 */,
				EE8E79D11C7CDE7E0090172C /* Products */,
			);
			sourceTree = "<group>";
		};
		EE8E79D11C7CDE7E0090172C /* Products */ = {
			isa = PBXGroup;
			children = (
				EE8E79D01C7CDE7E0090172C /* pokedex2.app */,
			);
			name = Products;
			sourceTree = "<group>";
		};
		EE8E79D21C7CDE7E0090172C /* pokedex2 */ = {
			isa = PBXGroup;
			children = (
				EE8E79D31C7CDE7E0090172C /* AppDelegate.swift */,
				EE8E79D51C7CDE7E0090172C /* ViewController.swift */,
				EE8E79D71C7CDE7E0090172C /* Main.storyboard */,
				EE8E79DA1C7CDE7E0090172C /* Assets.xcassets */,
				EE8E79DC1C7CDE7E0090172C /* LaunchScreen.storyboard */,
				EE8E79DF1C7CDE7E0090172C /* Info.plist */,
			);
			path = pokedex2;
			sourceTree = "<group>";
		};
/* End PBXGroup section */

/* Begin PBXNativeTarget section */
		EE8E79CF1C7CDE7E0090172C /* pokedex2 */ = {
			isa = PBXNativeTarget;
			buildConfigurationList = EE8E79E21C7CDE7E0090172C /* Build configuration list for PBXNativeTarget "pokedex2" */;
			buildPhases = (
				EE8E79CC1C7CDE7E0090172C /* Sources */,
				EE8E79CD1C7CDE7E0090172C /* Frameworks */,
				EE8E79CE1C7CDE7E0090172C /* Resources */,
			);
			buildRules = (
			);
			dependencies = (
			);
			name = pokedex2;
			productName = pokedex2;
			productReference = EE8E79D01C7CDE7E0090172C /* pokedex2.app */;
			productType = "com.apple.product-type.application";
		};
/* End PBXNativeTarget section */

/* Begin PBXProject section */
		EE8E79C81C7CDE7E0090172C /* Project object */ = {
			isa = PBXProject;
			attributes = {
				LastSwiftUpdateCheck = 0720;
				LastUpgradeCheck = 0720;
				ORGANIZATIONNAME = DevonLao;
				TargetAttributes = {
					EE8E79CF1C7CDE7E0090172C = {
						CreatedOnToolsVersion = 7.2.1;
						DevelopmentTeam = W28T59KPK5;
					};
				};
			};
			buildConfigurationList = EE8E79CB1C7CDE7E0090172C /* Build configuration list for PBXProject "pokedex2" */;
			compatibilityVersion = "Xcode 3.2";
			developmentRegion = English;
			hasScannedForEncodings = 0;
			knownRegions = (
				en,
				Base,
			);
			mainGroup = EE8E79C71C7CDE7E0090172C;
			productRefGroup = EE8E79D11C7CDE7E0090172C /* Products */;
			projectDirPath = "";
			projectRoot = "";
			targets = (
				EE8E79CF1C7CDE7E0090172C /* pokedex2 */,
			);
		};
/* End PBXProject section */

/* Begin PBXResourcesBuildPhase section */
		EE8E79CE1C7CDE7E0090172C /* Resources */ = {
			isa = PBXResourcesBuildPhase;
			buildActionMask = 2147483647;
			files = (
				EE8E79DE1C7CDE7E0090172C /* LaunchScreen.storyboard in Resources */,
				EE8E79DB1C7CDE7E0090172C /* Assets.xcassets in Resources */,
				EE8E79D91C7CDE7E0090172C /* Main.storyboard in Resources */,
			);
			runOnlyForDeploymentPostprocessing = 0;
		};
/* End PBXResourcesBuildPhase section */

/* Begin PBXSourcesBuildPhase section */
		EE8E79CC1C7CDE7E0090172C /* Sources */ = {
			isa = PBXSourcesBuildPhase;
			buildActionMask = 2147483647;
			files = (
				EE8E79D61C7CDE7E0090172C /* ViewController.swift in Sources */,
				EE8E79D41C7CDE7E0090172C /* AppDelegate.swift in Sources */,
			);
			runOnlyForDeploymentPostprocessing = 0;
		};
/* End PBXSourcesBuildPhase section */

/* Begin PBXVariantGroup section */
		EE8E79D71C7CDE7E0090172C /* Main.storyboard */ = {
			isa = PBXVariantGroup;
			children = (
				EE8E79D81C7CDE7E0090172C /* Base */,
			);
			name = Main.storyboard;
			sourceTree = "<group>";
		};
		EE8E79DC1C7CDE7E0090172C /* LaunchScreen.storyboard */ = {
			isa = PBXVariantGroup;
			children = (
				EE8E79DD1C7CDE7E0090172C /* Base */,
			);
			name = LaunchScreen.storyboard;
			sourceTree = "<group>";
		};
/* End PBXVariantGroup section */

/* Begin XCBuildConfiguration section */
		EE8E79E01C7CDE7E0090172C /* Debug */ = {
			isa = XCBuildConfiguration;
			buildSettings = {
				ALWAYS_SEARCH_USER_PATHS = NO;
				CLANG_CXX_LANGUAGE_STANDARD = "gnu++0x";
				CLANG_CXX_LIBRARY = "libc++";
				CLANG_ENABLE_MODULES = YES;
				CLANG_ENABLE_OBJC_ARC = YES;
				CLANG_WARN_BOOL_CONVERSION = YES;
				CLANG_WARN_CONSTANT_CONVERSION = YES;
				CLANG_WARN_DIRECT_OBJC_ISA_USAGE = YES_ERROR;
				CLANG_WARN_EMPTY_BODY = YES;
				CLANG_WARN_ENUM_CONVERSION = YES;
				CLANG_WARN_INT_CONVERSION = YES;
				CLANG_WARN_OBJC_ROOT_CLASS = YES_ERROR;
				CLANG_WARN_UNREACHABLE_CODE = YES;
				CLANG_WARN__DUPLICATE_METHOD_MATCH = YES;
				"CODE_SIGN_IDENTITY[sdk=iphoneos*]" = "iPhone Developer";
				COPY_PHASE_STRIP = NO;
				DEBUG_INFORMATION_FORMAT = dwarf;
				ENABLE_STRICT_OBJC_MSGSEND = YES;
				ENABLE_TESTABILITY = YES;
				GCC_C_LANGUAGE_STANDARD = gnu99;
				GCC_DYNAMIC_NO_PIC = NO;
				GCC_NO_COMMON_BLOCKS = YES;
				GCC_OPTIMIZATION_LEVEL = 0;
				GCC_PREPROCESSOR_DEFINITIONS = (
					"DEBUG=1",
					"$(inherited)",
				);
				GCC_WARN_64_TO_32_BIT_CONVERSION = YES;
				GCC_WARN_ABOUT_RETURN_TYPE = YES_ERROR;
				GCC_WARN_UNDECLARED_SELECTOR = YES;
				GCC_WARN_UNINITIALIZED_AUTOS = YES_AGGRESSIVE;
				GCC_WARN_UNUSED_FUNCTION = YES;
				GCC_WARN_UNUSED_VARIABLE = YES;
				IPHONEOS_DEPLOYMENT_TARGET = 9.2;
				MTL_ENABLE_DEBUG_INFO = YES;
				ONLY_ACTIVE_ARCH = YES;
				SDKROOT = iphoneos;
				SWIFT_OPTIMIZATION_LEVEL = "-Onone";
			};
			name = Debug;
		};
		EE8E79E11C7CDE7E0090172C /* Release */ = {
			isa = XCBuildConfiguration;
			buildSettings = {
				ALWAYS_SEARCH_USER_PATHS = NO;
				CLANG_CXX_LANGUAGE_STANDARD = "gnu++0x";
				CLANG_CXX_LIBRARY = "libc++";
				CLANG_ENABLE_MODULES = YES;
				CLANG_ENABLE_OBJC_ARC = YES;
				CLANG_WARN_BOOL_CONVERSION = YES;
				CLANG_WARN_CONSTANT_CONVERSION = YES;
				CLANG_WARN_DIRECT_OBJC_ISA_USAGE = YES_ERROR;
				CLANG_WARN_EMPTY_BODY = YES;
				CLANG_WARN_ENUM_CONVERSION = YES;
				CLANG_WARN_INT_CONVERSION = YES;
				CLANG_WARN_OBJC_ROOT_CLASS = YES_ERROR;
				CLANG_WARN_UNREACHABLE_CODE = YES;
				CLANG_WARN__DUPLICATE_METHOD_MATCH = YES;
				"CODE_SIGN_IDENTITY[sdk=iphoneos*]" = "iPhone Developer";
				COPY_PHASE_STRIP = NO;
				DEBUG_INFORMATION_FORMAT = "dwarf-with-dsym";
				ENABLE_NS_ASSERTIONS = NO;
				ENABLE_STRICT_OBJC_MSGSEND = YES;
				GCC_C_LANGUAGE_STANDARD = gnu99;
				GCC_NO_COMMON_BLOCKS = YES;
				GCC_WARN_64_TO_32_BIT_CONVERSION = YES;
				GCC_WARN_ABOUT_RETURN_TYPE = YES_ERROR;
				GCC_WARN_UNDECLARED_SELECTOR = YES;
				GCC_WARN_UNINITIALIZED_AUTOS = YES_AGGRESSIVE;
				GCC_WARN_UNUSED_FUNCTION = YES;
				GCC_WARN_UNUSED_VARIABLE = YES;
				IPHONEOS_DEPLOYMENT_TARGET = 9.2;
				MTL_ENABLE_DEBUG_INFO = NO;
				SDKROOT = iphoneos;
				VALIDATE_PRODUCT = YES;
			};
			name = Release;
		};
		EE8E79E31C7CDE7E0090172C /* Debug */ = {
			isa = XCBuildConfiguration;
			buildSettings = {
				ASSETCATALOG_COMPILER_APPICON_NAME = AppIcon;
				INFOPLIST_FILE = pokedex2/Info.plist;
				LD_RUNPATH_SEARCH_PATHS = "$(inherited) @executable_path/Frameworks";
				PRODUCT_BUNDLE_IDENTIFIER = com.DevonLao.pokedex2;
				PRODUCT_NAME = "$(TARGET_NAME)";
			};
			name = Debug;
		};
		EE8E79E41C7CDE7E0090172C /* Release */ = {
			isa = XCBuildConfiguration;
			buildSettings = {
				ASSETCATALOG_COMPILER_APPICON_NAME = AppIcon;
				INFOPLIST_FILE = pokedex2/Info.plist;
				LD_RUNPATH_SEARCH_PATHS = "$(inherited) @executable_path/Frameworks";
				PRODUCT_BUNDLE_IDENTIFIER = com.DevonLao.pokedex2;
				PRODUCT_NAME = "$(TARGET_NAME)";
			};
			name = Release;
		};
/* End XCBuildConfiguration section */

/* Begin XCConfigurationList section */
		EE8E79CB1C7CDE7E0090172C /* Build configuration list for PBXProject "pokedex2" */ = {
			isa = XCConfigurationList;
			buildConfigurations = (
				EE8E79E01C7CDE7E0090172C /* Debug */,
				EE8E79E11C7CDE7E0090172C /* Release */,
			);
			defaultConfigurationIsVisible = 0;
			defaultConfigurationName = Release;
		};
		EE8E79E21C7CDE7E0090172C /* Build configuration list for PBXNativeTarget "pokedex2" */ = {
			isa = XCConfigurationList;
			buildConfigurations = (
				EE8E79E31C7CDE7E0090172C /* Debug */,
				EE8E79E41C7CDE7E0090172C /* Release */,
			);
			defaultConfigurationIsVisible = 0;
		};
/* End XCConfigurationList section */
	};
	rootObject = EE8E79C81C7CDE7E0090172C /* Project object */;
}
